
Microsoft Visual Studio Solution File, Format Version 12.00
# Visual Studio Version 17
VisualStudioVersion = 17.1.32421.90
MinimumVisualStudioVersion = 10.0.40219.1
Project("{8BC9CEB8-8B4A-11D0-8D11-00A0C91BC942}") = "Prob_No3", "Prob_No3\Prob_No3.vcxproj", "{6313D476-14B1-49B8-976F-874AE8A36E75}"
EndProject
Global
	GlobalSection(SolutionConfigurationPlatforms) = preSolution
		Debug|x64 = Debug|x64
		Debug|x86 = Debug|x86
		Release|x64 = Release|x64
		Release|x86 = Release|x86
	EndGlobalSection
	GlobalSection(ProjectConfigurationPlatforms) = postSolution
		{6313D476-14B1-49B8-976F-874AE8A36E75}.Debug|x64.ActiveCfg = Debug|x64
		{6313D476-14B1-49B8-976F-874AE8A36E75}.Debug|x64.Build.0 = Debug|x64
		{6313D476-14B1-49B8-976F-874AE8A36E75}.Debug|x86.ActiveCfg = Debug|Win32
		{6313D476-14B1-49B8-976F-874AE8A36E75}.Debug|x86.Build.0 = Debug|Win32
		{6313D476-14B1-49B8-976F-874AE8A36E75}.Release|x64.ActiveCfg = Release|x64
		{6313D476-14B1-49B8-976F-874AE8A36E75}.Release|x64.Build.0 = Release|x64
		{6313D476-14B1-49B8-976F-874AE8A36E75}.Release|x86.ActiveCfg = Release|Win32
		{6313D476-14B1-49B8-976F-874AE8A36E75}.Release|x86.Build.0 = Release|Win32
	EndGlobalSection
	GlobalSection(SolutionProperties) = preSolution
		HideSolutionNode = FALSE
	EndGlobalSection
	GlobalSection(ExtensibilityGlobals) = postSolution
		SolutionGuid = {8086C3E4-C448-428D-9FF1-F7B173E73E4F}
	EndGlobalSection
EndGlobal
