
Microsoft Visual Studio Solution File, Format Version 12.00
# Visual Studio Version 17
VisualStudioVersion = 17.4.33103.184
MinimumVisualStudioVersion = 10.0.40219.1
Project("{8BC9CEB8-8B4A-11D0-8D11-00A0C91BC942}") = "Prob_3", "Prob_3\Prob_3.vcxproj", "{FA413F77-1DE2-403F-8974-275DB9DEE92B}"
EndProject
Global
	GlobalSection(SolutionConfigurationPlatforms) = preSolution
		Debug|x64 = Debug|x64
		Debug|x86 = Debug|x86
		Release|x64 = Release|x64
		Release|x86 = Release|x86
	EndGlobalSection
	GlobalSection(ProjectConfigurationPlatforms) = postSolution
		{FA413F77-1DE2-403F-8974-275DB9DEE92B}.Debug|x64.ActiveCfg = Debug|x64
		{FA413F77-1DE2-403F-8974-275DB9DEE92B}.Debug|x64.Build.0 = Debug|x64
		{FA413F77-1DE2-403F-8974-275DB9DEE92B}.Debug|x86.ActiveCfg = Debug|Win32
		{FA413F77-1DE2-403F-8974-275DB9DEE92B}.Debug|x86.Build.0 = Debug|Win32
		{FA413F77-1DE2-403F-8974-275DB9DEE92B}.Release|x64.ActiveCfg = Release|x64
		{FA413F77-1DE2-403F-8974-275DB9DEE92B}.Release|x64.Build.0 = Release|x64
		{FA413F77-1DE2-403F-8974-275DB9DEE92B}.Release|x86.ActiveCfg = Release|Win32
		{FA413F77-1DE2-403F-8974-275DB9DEE92B}.Release|x86.Build.0 = Release|Win32
	EndGlobalSection
	GlobalSection(SolutionProperties) = preSolution
		HideSolutionNode = FALSE
	EndGlobalSection
	GlobalSection(ExtensibilityGlobals) = postSolution
		SolutionGuid = {B4C398FC-9733-4DBB-9EA3-3D6A2166430E}
	EndGlobalSection
EndGlobal
