
Microsoft Visual Studio Solution File, Format Version 12.00
# Visual Studio Version 17
VisualStudioVersion = 17.3.32922.545
MinimumVisualStudioVersion = 10.0.40219.1
Project("{8BC9CEB8-8B4A-11D0-8D11-00A0C91BC942}") = "Prob_1", "Prob_1\Prob_1.vcxproj", "{849C3ADA-ABEA-47BE-BFEC-D69657D08A74}"
EndProject
Global
	GlobalSection(SolutionConfigurationPlatforms) = preSolution
		Debug|x64 = Debug|x64
		Debug|x86 = Debug|x86
		Release|x64 = Release|x64
		Release|x86 = Release|x86
	EndGlobalSection
	GlobalSection(ProjectConfigurationPlatforms) = postSolution
		{849C3ADA-ABEA-47BE-BFEC-D69657D08A74}.Debug|x64.ActiveCfg = Debug|x64
		{849C3ADA-ABEA-47BE-BFEC-D69657D08A74}.Debug|x64.Build.0 = Debug|x64
		{849C3ADA-ABEA-47BE-BFEC-D69657D08A74}.Debug|x86.ActiveCfg = Debug|Win32
		{849C3ADA-ABEA-47BE-BFEC-D69657D08A74}.Debug|x86.Build.0 = Debug|Win32
		{849C3ADA-ABEA-47BE-BFEC-D69657D08A74}.Release|x64.ActiveCfg = Release|x64
		{849C3ADA-ABEA-47BE-BFEC-D69657D08A74}.Release|x64.Build.0 = Release|x64
		{849C3ADA-ABEA-47BE-BFEC-D69657D08A74}.Release|x86.ActiveCfg = Release|Win32
		{849C3ADA-ABEA-47BE-BFEC-D69657D08A74}.Release|x86.Build.0 = Release|Win32
	EndGlobalSection
	GlobalSection(SolutionProperties) = preSolution
		HideSolutionNode = FALSE
	EndGlobalSection
	GlobalSection(ExtensibilityGlobals) = postSolution
		SolutionGuid = {7124EC2B-69DD-4658-BA8F-99487E8D1FED}
	EndGlobalSection
EndGlobal
