
Microsoft Visual Studio Solution File, Format Version 12.00
# Visual Studio Version 17
VisualStudioVersion = 17.1.32421.90
MinimumVisualStudioVersion = 10.0.40219.1
Project("{8BC9CEB8-8B4A-11D0-8D11-00A0C91BC942}") = "Prob_No4", "Prob_No4\Prob_No4.vcxproj", "{A80DCAE7-86FF-41F9-B4E4-C87D67529318}"
EndProject
Global
	GlobalSection(SolutionConfigurationPlatforms) = preSolution
		Debug|x64 = Debug|x64
		Debug|x86 = Debug|x86
		Release|x64 = Release|x64
		Release|x86 = Release|x86
	EndGlobalSection
	GlobalSection(ProjectConfigurationPlatforms) = postSolution
		{A80DCAE7-86FF-41F9-B4E4-C87D67529318}.Debug|x64.ActiveCfg = Debug|x64
		{A80DCAE7-86FF-41F9-B4E4-C87D67529318}.Debug|x64.Build.0 = Debug|x64
		{A80DCAE7-86FF-41F9-B4E4-C87D67529318}.Debug|x86.ActiveCfg = Debug|Win32
		{A80DCAE7-86FF-41F9-B4E4-C87D67529318}.Debug|x86.Build.0 = Debug|Win32
		{A80DCAE7-86FF-41F9-B4E4-C87D67529318}.Release|x64.ActiveCfg = Release|x64
		{A80DCAE7-86FF-41F9-B4E4-C87D67529318}.Release|x64.Build.0 = Release|x64
		{A80DCAE7-86FF-41F9-B4E4-C87D67529318}.Release|x86.ActiveCfg = Release|Win32
		{A80DCAE7-86FF-41F9-B4E4-C87D67529318}.Release|x86.Build.0 = Release|Win32
	EndGlobalSection
	GlobalSection(SolutionProperties) = preSolution
		HideSolutionNode = FALSE
	EndGlobalSection
	GlobalSection(ExtensibilityGlobals) = postSolution
		SolutionGuid = {0B336422-C2CC-4A38-82D9-653114089DA1}
	EndGlobalSection
EndGlobal
